
Microsoft Visual Studio Solution File, Format Version 12.00
# Visual Studio 2013
VisualStudioVersion = 12.0.21005.1
MinimumVisualStudioVersion = 10.0.40219.1
Project("{FAE04EC0-301F-11D3-BF4B-00C04F79EFBC}") = "MeetingRoomReservation", "MeetingRoomReservation\MeetingRoomReservation.csproj", "{D219ABF9-E4D0-4BFB-8D23-ECA344E9FB61}"
EndProject
Project("{FAE04EC0-301F-11D3-BF4B-00C04F79EFBC}") = "MeetingRoom.DAL", "MeetingRoom.DAL\MeetingRoom.DAL.csproj", "{B68AC4AA-2D18-4C43-9D88-751C4ECE00EA}"
EndProject
Global
	GlobalSection(SolutionConfigurationPlatforms) = preSolution
		Debug|Any CPU = Debug|Any CPU
		Release|Any CPU = Release|Any CPU
	EndGlobalSection
	GlobalSection(ProjectConfigurationPlatforms) = postSolution
		{D219ABF9-E4D0-4BFB-8D23-ECA344E9FB61}.Debug|Any CPU.ActiveCfg = Debug|Any CPU
		{D219ABF9-E4D0-4BFB-8D23-ECA344E9FB61}.Debug|Any CPU.Build.0 = Debug|Any CPU
		{D219ABF9-E4D0-4BFB-8D23-ECA344E9FB61}.Release|Any CPU.ActiveCfg = Release|Any CPU
		{D219ABF9-E4D0-4BFB-8D23-ECA344E9FB61}.Release|Any CPU.Build.0 = Release|Any CPU
		{B68AC4AA-2D18-4C43-9D88-751C4ECE00EA}.Debug|Any CPU.ActiveCfg = Debug|Any CPU
		{B68AC4AA-2D18-4C43-9D88-751C4ECE00EA}.Debug|Any CPU.Build.0 = Debug|Any CPU
		{B68AC4AA-2D18-4C43-9D88-751C4ECE00EA}.Release|Any CPU.ActiveCfg = Release|Any CPU
		{B68AC4AA-2D18-4C43-9D88-751C4ECE00EA}.Release|Any CPU.Build.0 = Release|Any CPU
	EndGlobalSection
	GlobalSection(SolutionProperties) = preSolution
		HideSolutionNode = FALSE
	EndGlobalSection
EndGlobal
